
Microsoft Visual Studio Solution File, Format Version 12.00
# Visual Studio 2012
Project("{FAE04EC0-301F-11D3-BF4B-00C04F79EFBC}") = "CryptoNetWorth.Api", "CryptoNetWorth.Api\CryptoNetWorth.Api.csproj", "{29F698C9-6AC0-4940-8C33-F8F622776158}"
EndProject
Project("{FAE04EC0-301F-11D3-BF4B-00C04F79EFBC}") = "CryptoNetWorth.Domain", "CryptoNetWorth.Domain\CryptoNetWorth.Domain.csproj", "{14A9AF65-5A06-4477-A652-997F80D64E07}"
EndProject
Project("{FAE04EC0-301F-11D3-BF4B-00C04F79EFBC}") = "CryptoNetWorth.Data", "CryptoNetWorth.Data\CryptoNetWorth.Data.csproj", "{87210A6C-05EF-4A5E-AB68-468E44E80F00}"
EndProject
Global
	GlobalSection(SolutionConfigurationPlatforms) = preSolution
		Debug|Any CPU = Debug|Any CPU
		Release|Any CPU = Release|Any CPU
	EndGlobalSection
	GlobalSection(ProjectConfigurationPlatforms) = postSolution
		{29F698C9-6AC0-4940-8C33-F8F622776158}.Debug|Any CPU.ActiveCfg = Debug|Any CPU
		{29F698C9-6AC0-4940-8C33-F8F622776158}.Debug|Any CPU.Build.0 = Debug|Any CPU
		{29F698C9-6AC0-4940-8C33-F8F622776158}.Release|Any CPU.ActiveCfg = Release|Any CPU
		{29F698C9-6AC0-4940-8C33-F8F622776158}.Release|Any CPU.Build.0 = Release|Any CPU
		{14A9AF65-5A06-4477-A652-997F80D64E07}.Debug|Any CPU.ActiveCfg = Debug|Any CPU
		{14A9AF65-5A06-4477-A652-997F80D64E07}.Debug|Any CPU.Build.0 = Debug|Any CPU
		{14A9AF65-5A06-4477-A652-997F80D64E07}.Release|Any CPU.ActiveCfg = Release|Any CPU
		{14A9AF65-5A06-4477-A652-997F80D64E07}.Release|Any CPU.Build.0 = Release|Any CPU
		{87210A6C-05EF-4A5E-AB68-468E44E80F00}.Debug|Any CPU.ActiveCfg = Debug|Any CPU
		{87210A6C-05EF-4A5E-AB68-468E44E80F00}.Debug|Any CPU.Build.0 = Debug|Any CPU
		{87210A6C-05EF-4A5E-AB68-468E44E80F00}.Release|Any CPU.ActiveCfg = Release|Any CPU
		{87210A6C-05EF-4A5E-AB68-468E44E80F00}.Release|Any CPU.Build.0 = Release|Any CPU
	EndGlobalSection
EndGlobal
